
Microsoft Visual Studio Solution File, Format Version 11.00
# Visual Studio 2010
Project("{FAE04EC0-301F-11D3-BF4B-00C04F79EFBC}") = "SDA", "SDA\SDA.csproj", "{568FC01C-BB24-4743-B516-4ACDD4649CCF}"
EndProject
Global
	GlobalSection(SolutionConfigurationPlatforms) = preSolution
		Debug|Any CPU = Debug|Any CPU
		Release|Any CPU = Release|Any CPU
	EndGlobalSection
	GlobalSection(ProjectConfigurationPlatforms) = postSolution
		{568FC01C-BB24-4743-B516-4ACDD4649CCF}.Debug|Any CPU.ActiveCfg = Debug|Any CPU
		{568FC01C-BB24-4743-B516-4ACDD4649CCF}.Debug|Any CPU.Build.0 = Debug|Any CPU
		{568FC01C-BB24-4743-B516-4ACDD4649CCF}.Release|Any CPU.ActiveCfg = Release|Any CPU
		{568FC01C-BB24-4743-B516-4ACDD4649CCF}.Release|Any CPU.Build.0 = Release|Any CPU
	EndGlobalSection
	GlobalSection(SolutionProperties) = preSolution
		HideSolutionNode = FALSE
	EndGlobalSection
EndGlobal
